
Microsoft Visual Studio Solution File, Format Version 12.00
# Visual Studio Version 16
VisualStudioVersion = 16.0.28803.156
MinimumVisualStudioVersion = 10.0.40219.1
Project("{FAE04EC0-301F-11D3-BF4B-00C04F79EFBC}") = "FunctionalProgramming", "FunctionalProgramming\FunctionalProgramming.csproj", "{0996C14D-29E9-4CBE-ACE0-1A23E8BAC9A6}"
EndProject
Global
	GlobalSection(SolutionConfigurationPlatforms) = preSolution
		Debug|Any CPU = Debug|Any CPU
		Release|Any CPU = Release|Any CPU
	EndGlobalSection
	GlobalSection(ProjectConfigurationPlatforms) = postSolution
		{0996C14D-29E9-4CBE-ACE0-1A23E8BAC9A6}.Debug|Any CPU.ActiveCfg = Debug|Any CPU
		{0996C14D-29E9-4CBE-ACE0-1A23E8BAC9A6}.Debug|Any CPU.Build.0 = Debug|Any CPU
		{0996C14D-29E9-4CBE-ACE0-1A23E8BAC9A6}.Release|Any CPU.ActiveCfg = Release|Any CPU
		{0996C14D-29E9-4CBE-ACE0-1A23E8BAC9A6}.Release|Any CPU.Build.0 = Release|Any CPU
	EndGlobalSection
	GlobalSection(SolutionProperties) = preSolution
		HideSolutionNode = FALSE
	EndGlobalSection
	GlobalSection(ExtensibilityGlobals) = postSolution
		SolutionGuid = {563AC921-D6B8-40FD-9EA4-72371FF431BC}
	EndGlobalSection
EndGlobal
